
Microsoft Visual Studio Solution File, Format Version 12.00
# Visual Studio Version 17
VisualStudioVersion = 17.5.002.0
MinimumVisualStudioVersion = 10.0.40219.1
Project("{9A19103F-16F7-4668-BE54-9A1E7A4F7556}") = "WorkshoAPI", "WorkshoAPI.csproj", "{EDC6E327-9310-4669-B7C7-0489E5E74737}"
EndProject
Global
	GlobalSection(SolutionConfigurationPlatforms) = preSolution
		Debug|Any CPU = Debug|Any CPU
		Release|Any CPU = Release|Any CPU
	EndGlobalSection
	GlobalSection(ProjectConfigurationPlatforms) = postSolution
		{EDC6E327-9310-4669-B7C7-0489E5E74737}.Debug|Any CPU.ActiveCfg = Debug|Any CPU
		{EDC6E327-9310-4669-B7C7-0489E5E74737}.Debug|Any CPU.Build.0 = Debug|Any CPU
		{EDC6E327-9310-4669-B7C7-0489E5E74737}.Release|Any CPU.ActiveCfg = Release|Any CPU
		{EDC6E327-9310-4669-B7C7-0489E5E74737}.Release|Any CPU.Build.0 = Release|Any CPU
	EndGlobalSection
	GlobalSection(SolutionProperties) = preSolution
		HideSolutionNode = FALSE
	EndGlobalSection
	GlobalSection(ExtensibilityGlobals) = postSolution
		SolutionGuid = {AC1F944A-B233-49E2-A6DF-C2A9185E8D2D}
	EndGlobalSection
EndGlobal
